
Microsoft Visual Studio Solution File, Format Version 12.00
Project("{FAE04EC0-301F-11D3-BF4B-00C04F79EFBC}") = "Programmatical Bluescreen", "Programmatical Bluescreen.csproj", "{FFCAA2C0-A6A3-456B-9DDA-8E8C824BD0FA}"
EndProject
Global
	GlobalSection(SolutionConfigurationPlatforms) = preSolution
		Debug|Any CPU = Debug|Any CPU
		Release|Any CPU = Release|Any CPU
	EndGlobalSection
	GlobalSection(ProjectConfigurationPlatforms) = postSolution
		{FFCAA2C0-A6A3-456B-9DDA-8E8C824BD0FA}.Debug|Any CPU.ActiveCfg = Debug|Any CPU
		{FFCAA2C0-A6A3-456B-9DDA-8E8C824BD0FA}.Debug|Any CPU.Build.0 = Debug|Any CPU
		{FFCAA2C0-A6A3-456B-9DDA-8E8C824BD0FA}.Release|Any CPU.ActiveCfg = Release|Any CPU
		{FFCAA2C0-A6A3-456B-9DDA-8E8C824BD0FA}.Release|Any CPU.Build.0 = Release|Any CPU
	EndGlobalSection
EndGlobal
